{
    "name": "media_review",
    "version": "0.1.0",
    "lockfileVersion": 2,
    "requires": true,
    "packages": {
        "": {
            "version": "0.1.0",
            "dependencies": {
                "@rails/actioncable": "^6.0.0",
                "@rails/activestorage": "^6.0.0",
                "@rails/ujs": "^6.0.0",
                "@rails/webpacker": "4.3.0",
                "bootstrap": "4.3.1",
                "bulma": "^0.9.2",
                "debug": "^4.3.1",
                "jquery": "3.4.1",
                "popper.js": "^1.16.1",
                "turbolinks": "^5.2.0"
            },
            "devDependencies": {
                "vanillajs-datepicker": "^1.1.4",
                "webpack-dev-server": "^3.11.2"
            }
        },
        "node_modules/@rails/actioncable": {
            "version": "6.1.3",
            "resolved": "https://registry.npmjs.org/@rails/actioncable/-/actioncable-6.1.3.tgz",
            "integrity": "sha512-m02524MR9cTnUNfGz39Lkx9jVvuL0tle4O7YgvouJ7H83FILxzG1nQ5jw8pAjLAr9XQGu+P1sY4SKE3zyhCNjw==",
            "license": "MIT"
        },
        "node_modules/@rails/activestorage": {
            "version": "6.1.3",
            "resolved": "https://registry.npmjs.org/@rails/activestorage/-/activestorage-6.1.3.tgz",
            "integrity": "sha512-9it2rc+79E+GP4GWX/P2M9/INcp1SicJaiF5yqj+k40x/JY+/eVdSAGfRCgq2G/FwkUdGlaKnG2OoDcXchczlw==",
            "license": "MIT",
            "dependencies": {
                "spark-md5": "^3.0.0"
            }
        },
        "node_modules/@rails/ujs": {
            "version": "6.1.3",
            "resolved": "https://registry.npmjs.org/@rails/ujs/-/ujs-6.1.3.tgz",
            "integrity": "sha512-9mip5o+LVouWAqLMNJWhxda+D5uP+4RziNECgOGJlL6k3rc5SC/ljCHpV9Cym4i3oeGZkpZJ2tu4frCwt84kzQ==",
            "license": "MIT"
        },
        "node_modules/@rails/webpacker": {
            "version": "4.3.0",
            "resolved": "https://registry.npmjs.org/@rails/webpacker/-/webpacker-4.3.0.tgz",
            "integrity": "sha512-DmKGjKugLeeytT1TO9fUBBjdA3YwQ19zoWK5JDL8V1rM0bf6WRf1n9DZTiVmuf0WO1gp5ej5pJ9b3NjZwfAz4Q==",
            "license": "MIT",
            "dependencies": {
                "@babel/core": "^7.7.2",
                "@babel/plugin-proposal-class-properties": "^7.7.0",
                "@babel/plugin-proposal-object-rest-spread": "^7.6.2",
                "@babel/plugin-syntax-dynamic-import": "^7.2.0",
                "@babel/plugin-transform-destructuring": "^7.6.0",
                "@babel/plugin-transform-regenerator": "^7.7.0",
                "@babel/plugin-transform-runtime": "^7.6.2",
                "@babel/preset-env": "^7.7.1",
                "@babel/runtime": "^7.7.2",
                "babel-loader": "^8.0.6",
                "babel-plugin-dynamic-import-node": "^2.3.0",
                "babel-plugin-macros": "^2.6.1",
                "case-sensitive-paths-webpack-plugin": "^2.2.0",
                "compression-webpack-plugin": "^4.0.0",
                "core-js": "^3.4.0",
                "css-loader": "^3.2.0",
                "file-loader": "^4.2.0",
                "flatted": "^2.0.1",
                "glob": "^7.1.6",
                "js-yaml": "^3.13.1",
                "mini-css-extract-plugin": "^0.8.0",
                "node-sass": "^4.13.0",
                "optimize-css-assets-webpack-plugin": "^5.0.3",
                "path-complete-extname": "^1.0.0",
                "pnp-webpack-plugin": "^1.5.0",
                "postcss-flexbugs-fixes": "^4.1.0",
                "postcss-import": "^12.0.1",
                "postcss-loader": "^3.0.0",
                "postcss-preset-env": "^6.7.0",
                "postcss-safe-parser": "^4.0.1",
                "regenerator-runtime": "^0.13.3",
                "sass-loader": "7.3.1",
                "style-loader": "^1.0.0",
                "terser-webpack-plugin": "^2.2.1",
                "webpack": "^4.41.2",
                "webpack-assets-manifest": "^3.1.1",
                "webpack-cli": "^3.3.10",
                "webpack-sources": "^1.4.3"
            },
            "engines": {
                "node": ">=8.16.0",
                "yarn": ">=1.0.0"
            }
        },
        "node_modules/bootstrap": {
            "version": "4.3.1",
            "resolved": "https://registry.npmjs.org/bootstrap/-/bootstrap-4.3.1.tgz",
            "integrity": "sha512-rXqOmH1VilAt2DyPzluTi2blhk17bO7ef+zLLPlWvG494pDxcM234pJ8wTc/6R40UWizAIIMgxjvxZg5kmsbag==",
            "license": "MIT",
            "engines": {
                "node": ">=6"
            },
            "peerDependencies": {
                "jquery": "1.9.1 - 3",
                "popper.js": "^1.14.7"
            }
        },
        "node_modules/bulma": {
            "version": "0.9.2",
            "resolved": "https://registry.npmjs.org/bulma/-/bulma-0.9.2.tgz",
            "integrity": "sha512-e14EF+3VSZ488yL/lJH0tR8mFWiEQVCMi/BQUMi2TGMBOk+zrDg4wryuwm/+dRSHJw0gMawp2tsW7X1JYUCE3A==",
            "license": "MIT"
        },
        "node_modules/debug": {
            "version": "4.3.1",
            "resolved": "https://registry.npmjs.org/debug/-/debug-4.3.1.tgz",
            "integrity": "sha512-doEwdvm4PCeK4K3RQN2ZC2BYUBaxwLARCqZmMjtF8a51J2Rb0xpVloFRnCODwqjpwnAoao4pelN8l3RJdv3gRQ==",
            "dependencies": {
                "ms": "2.1.2"
            },
            "engines": {
                "node": ">=6.0"
            },
            "peerDependenciesMeta": {
                "supports-color": {
                    "optional": true
                }
            }
        },
        "node_modules/jquery": {
            "version": "3.4.1",
            "resolved": "https://registry.npmjs.org/jquery/-/jquery-3.4.1.tgz",
            "integrity": "sha512-36+AdBzCL+y6qjw5Tx7HgzeGCzC81MDDgaUP8ld2zhx58HdqXGoBd+tHdrBMiyjGQs0Hxs/MLZTu/eHNJJuWPw==",
            "license": "MIT"
        },
        "node_modules/ms": {
            "version": "2.1.2",
            "resolved": "https://registry.npmjs.org/ms/-/ms-2.1.2.tgz",
            "integrity": "sha512-sGkPx+VjMtmA6MX27oA4FBFELFCZZ4S4XqeGOXCv68tT+jb3vk/RyaKWP0PTKyWtmLSM0b+adUTEvbs1PEaH2w=="
        },
        "node_modules/popper.js": {
            "version": "1.16.1",
            "resolved": "https://registry.npmjs.org/popper.js/-/popper.js-1.16.1.tgz",
            "integrity": "sha512-Wb4p1J4zyFTbM+u6WuO4XstYx4Ky9Cewe4DWrel7B0w6VVICvPwdOpotjzcf6eD8TsckVnIMNONQyPIUFOUbCQ==",
            "license": "MIT",
            "funding": {
                "type": "opencollective",
                "url": "https://opencollective.com/popperjs"
            }
        },
        "node_modules/turbolinks": {
            "version": "5.2.0",
            "resolved": "https://registry.npmjs.org/turbolinks/-/turbolinks-5.2.0.tgz",
            "integrity": "sha512-pMiez3tyBo6uRHFNNZoYMmrES/IaGgMhQQM+VFF36keryjb5ms0XkVpmKHkfW/4Vy96qiGW3K9bz0tF5sK9bBw==",
            "license": "MIT"
        },
        "node_modules/vanillajs-datepicker": {
            "version": "1.1.4",
            "resolved": "https://registry.npmjs.org/vanillajs-datepicker/-/vanillajs-datepicker-1.1.4.tgz",
            "integrity": "sha512-XJhvRx+VqtRjqrPlgNCQntLpCntFKPMBd8ahxZhLkvrWX0bNdpP3kz5j13L2Q0xfTAY/QMfQtVZvBvRF0NilcA==",
            "dev": true
        },
        "node_modules/webpack-dev-server": {
            "version": "3.11.2",
            "resolved": "https://registry.npmjs.org/webpack-dev-server/-/webpack-dev-server-3.11.2.tgz",
            "integrity": "sha512-A80BkuHRQfCiNtGBS1EMf2ChTUs0x+B3wGDFmOeT4rmJOHhHTCH2naNxIHhmkr0/UillP4U3yeIyv1pNp+QDLQ==",
            "dev": true,
            "license": "MIT",
            "dependencies": {
                "ansi-html": "0.0.7",
                "bonjour": "^3.5.0",
                "chokidar": "^2.1.8",
                "compression": "^1.7.4",
                "connect-history-api-fallback": "^1.6.0",
                "debug": "^4.1.1",
                "del": "^4.1.1",
                "express": "^4.17.1",
                "html-entities": "^1.3.1",
                "http-proxy-middleware": "0.19.1",
                "import-local": "^2.0.0",
                "internal-ip": "^4.3.0",
                "ip": "^1.1.5",
                "is-absolute-url": "^3.0.3",
                "killable": "^1.0.1",
                "loglevel": "^1.6.8",
                "opn": "^5.5.0",
                "p-retry": "^3.0.1",
                "portfinder": "^1.0.26",
                "schema-utils": "^1.0.0",
                "selfsigned": "^1.10.8",
                "semver": "^6.3.0",
                "serve-index": "^1.9.1",
                "sockjs": "^0.3.21",
                "sockjs-client": "^1.5.0",
                "spdy": "^4.0.2",
                "strip-ansi": "^3.0.1",
                "supports-color": "^6.1.0",
                "url": "^0.11.0",
                "webpack-dev-middleware": "^3.7.2",
                "webpack-log": "^2.0.0",
                "ws": "^6.2.1",
                "yargs": "^13.3.2"
            },
            "bin": {
                "webpack-dev-server": "bin/webpack-dev-server.js"
            },
            "engines": {
                "node": ">= 6.11.5"
            },
            "peerDependencies": {
                "webpack": "^4.0.0 || ^5.0.0"
            },
            "peerDependenciesMeta": {
                "webpack-cli": {
                    "optional": true
                }
            }
        }
    },
    "dependencies": {
        "@rails/actioncable": {
            "version": "6.1.3",
            "resolved": "https://registry.npmjs.org/@rails/actioncable/-/actioncable-6.1.3.tgz",
            "integrity": "sha512-m02524MR9cTnUNfGz39Lkx9jVvuL0tle4O7YgvouJ7H83FILxzG1nQ5jw8pAjLAr9XQGu+P1sY4SKE3zyhCNjw=="
        },
        "@rails/activestorage": {
            "version": "6.1.3",
            "resolved": "https://registry.npmjs.org/@rails/activestorage/-/activestorage-6.1.3.tgz",
            "integrity": "sha512-9it2rc+79E+GP4GWX/P2M9/INcp1SicJaiF5yqj+k40x/JY+/eVdSAGfRCgq2G/FwkUdGlaKnG2OoDcXchczlw==",
            "requires": {
                "spark-md5": "^3.0.0"
            }
        },
        "@rails/ujs": {
            "version": "6.1.3",
            "resolved": "https://registry.npmjs.org/@rails/ujs/-/ujs-6.1.3.tgz",
            "integrity": "sha512-9mip5o+LVouWAqLMNJWhxda+D5uP+4RziNECgOGJlL6k3rc5SC/ljCHpV9Cym4i3oeGZkpZJ2tu4frCwt84kzQ=="
        },
        "@rails/webpacker": {
            "version": "4.3.0",
            "resolved": "https://registry.npmjs.org/@rails/webpacker/-/webpacker-4.3.0.tgz",
            "integrity": "sha512-DmKGjKugLeeytT1TO9fUBBjdA3YwQ19zoWK5JDL8V1rM0bf6WRf1n9DZTiVmuf0WO1gp5ej5pJ9b3NjZwfAz4Q==",
            "requires": {
                "@babel/core": "^7.7.2",
                "@babel/plugin-proposal-class-properties": "^7.7.0",
                "@babel/plugin-proposal-object-rest-spread": "^7.6.2",
                "@babel/plugin-syntax-dynamic-import": "^7.2.0",
                "@babel/plugin-transform-destructuring": "^7.6.0",
                "@babel/plugin-transform-regenerator": "^7.7.0",
                "@babel/plugin-transform-runtime": "^7.6.2",
                "@babel/preset-env": "^7.7.1",
                "@babel/runtime": "^7.7.2",
                "babel-loader": "^8.0.6",
                "babel-plugin-dynamic-import-node": "^2.3.0",
                "babel-plugin-macros": "^2.6.1",
                "case-sensitive-paths-webpack-plugin": "^2.2.0",
                "compression-webpack-plugin": "^4.0.0",
                "core-js": "^3.4.0",
                "css-loader": "^3.2.0",
                "file-loader": "^4.2.0",
                "flatted": "^2.0.1",
                "glob": "^7.1.6",
                "js-yaml": "^3.13.1",
                "mini-css-extract-plugin": "^0.8.0",
                "node-sass": "^4.13.0",
                "optimize-css-assets-webpack-plugin": "^5.0.3",
                "path-complete-extname": "^1.0.0",
                "pnp-webpack-plugin": "^1.5.0",
                "postcss-flexbugs-fixes": "^4.1.0",
                "postcss-import": "^12.0.1",
                "postcss-loader": "^3.0.0",
                "postcss-preset-env": "^6.7.0",
                "postcss-safe-parser": "^4.0.1",
                "regenerator-runtime": "^0.13.3",
                "sass-loader": "7.3.1",
                "style-loader": "^1.0.0",
                "terser-webpack-plugin": "^2.2.1",
                "webpack": "^4.41.2",
                "webpack-assets-manifest": "^3.1.1",
                "webpack-cli": "^3.3.10",
                "webpack-sources": "^1.4.3"
            }
        },
        "bootstrap": {
            "version": "4.3.1",
            "resolved": "https://registry.npmjs.org/bootstrap/-/bootstrap-4.3.1.tgz",
            "integrity": "sha512-rXqOmH1VilAt2DyPzluTi2blhk17bO7ef+zLLPlWvG494pDxcM234pJ8wTc/6R40UWizAIIMgxjvxZg5kmsbag==",
            "requires": {}
        },
        "bulma": {
            "version": "0.9.2",
            "resolved": "https://registry.npmjs.org/bulma/-/bulma-0.9.2.tgz",
            "integrity": "sha512-e14EF+3VSZ488yL/lJH0tR8mFWiEQVCMi/BQUMi2TGMBOk+zrDg4wryuwm/+dRSHJw0gMawp2tsW7X1JYUCE3A=="
        },
        "debug": {
            "version": "4.3.1",
            "resolved": "https://registry.npmjs.org/debug/-/debug-4.3.1.tgz",
            "integrity": "sha512-doEwdvm4PCeK4K3RQN2ZC2BYUBaxwLARCqZmMjtF8a51J2Rb0xpVloFRnCODwqjpwnAoao4pelN8l3RJdv3gRQ==",
            "requires": {
                "ms": "2.1.2"
            }
        },
        "jquery": {
            "version": "3.4.1",
            "resolved": "https://registry.npmjs.org/jquery/-/jquery-3.4.1.tgz",
            "integrity": "sha512-36+AdBzCL+y6qjw5Tx7HgzeGCzC81MDDgaUP8ld2zhx58HdqXGoBd+tHdrBMiyjGQs0Hxs/MLZTu/eHNJJuWPw=="
        },
        "ms": {
            "version": "2.1.2",
            "resolved": "https://registry.npmjs.org/ms/-/ms-2.1.2.tgz",
            "integrity": "sha512-sGkPx+VjMtmA6MX27oA4FBFELFCZZ4S4XqeGOXCv68tT+jb3vk/RyaKWP0PTKyWtmLSM0b+adUTEvbs1PEaH2w=="
        },
        "popper.js": {
            "version": "1.16.1",
            "resolved": "https://registry.npmjs.org/popper.js/-/popper.js-1.16.1.tgz",
            "integrity": "sha512-Wb4p1J4zyFTbM+u6WuO4XstYx4Ky9Cewe4DWrel7B0w6VVICvPwdOpotjzcf6eD8TsckVnIMNONQyPIUFOUbCQ=="
        },
        "turbolinks": {
            "version": "5.2.0",
            "resolved": "https://registry.npmjs.org/turbolinks/-/turbolinks-5.2.0.tgz",
            "integrity": "sha512-pMiez3tyBo6uRHFNNZoYMmrES/IaGgMhQQM+VFF36keryjb5ms0XkVpmKHkfW/4Vy96qiGW3K9bz0tF5sK9bBw=="
        },
        "vanillajs-datepicker": {
            "version": "1.1.4",
            "resolved": "https://registry.npmjs.org/vanillajs-datepicker/-/vanillajs-datepicker-1.1.4.tgz",
            "integrity": "sha512-XJhvRx+VqtRjqrPlgNCQntLpCntFKPMBd8ahxZhLkvrWX0bNdpP3kz5j13L2Q0xfTAY/QMfQtVZvBvRF0NilcA==",
            "dev": true
        },
        "webpack-dev-server": {
            "version": "3.11.2",
            "resolved": "https://registry.npmjs.org/webpack-dev-server/-/webpack-dev-server-3.11.2.tgz",
            "integrity": "sha512-A80BkuHRQfCiNtGBS1EMf2ChTUs0x+B3wGDFmOeT4rmJOHhHTCH2naNxIHhmkr0/UillP4U3yeIyv1pNp+QDLQ==",
            "dev": true,
            "requires": {
                "ansi-html": "0.0.7",
                "bonjour": "^3.5.0",
                "chokidar": "^2.1.8",
                "compression": "^1.7.4",
                "connect-history-api-fallback": "^1.6.0",
                "debug": "^4.1.1",
                "del": "^4.1.1",
                "express": "^4.17.1",
                "html-entities": "^1.3.1",
                "http-proxy-middleware": "0.19.1",
                "import-local": "^2.0.0",
                "internal-ip": "^4.3.0",
                "ip": "^1.1.5",
                "is-absolute-url": "^3.0.3",
                "killable": "^1.0.1",
                "loglevel": "^1.6.8",
                "opn": "^5.5.0",
                "p-retry": "^3.0.1",
                "portfinder": "^1.0.26",
                "schema-utils": "^1.0.0",
                "selfsigned": "^1.10.8",
                "semver": "^6.3.0",
                "serve-index": "^1.9.1",
                "sockjs": "^0.3.21",
                "sockjs-client": "^1.5.0",
                "spdy": "^4.0.2",
                "strip-ansi": "^3.0.1",
                "supports-color": "^6.1.0",
                "url": "^0.11.0",
                "webpack-dev-middleware": "^3.7.2",
                "webpack-log": "^2.0.0",
                "ws": "^6.2.1",
                "yargs": "^13.3.2"
            }
        }
    }
}
